
Microsoft Visual Studio Solution File, Format Version 10.00
# Visual Studio 2008
Project("{FAE04EC0-301F-11D3-BF4B-00C04F79EFBC}") = "rod.Commons.System", "src\app\rod.Commons.System\rod.Commons.System.csproj", "{24F2D045-7814-4C57-BF9D-BEC4ECF4D881}"
EndProject
Project("{2150E333-8FDC-42A3-9474-1A3956D46DE8}") = "UnitTests", "UnitTests", "{949B153C-AF2F-41AA-965B-1D6739FD73F2}"
EndProject
Project("{FAE04EC0-301F-11D3-BF4B-00C04F79EFBC}") = "rod.Commons.System.Tests", "src\test\rod.Commons.System.Tests\rod.Commons.System.Tests.csproj", "{008AA833-BCA9-4F5E-AD4E-B585C53655EF}"
EndProject
Project("{FAE04EC0-301F-11D3-BF4B-00C04F79EFBC}") = "rod.Commons.System.Extensions", "src\app\rod.Commons.System.Extensions\rod.Commons.System.Extensions.csproj", "{843C066F-54E8-41ED-A597-1DFCAC466831}"
EndProject
Project("{2150E333-8FDC-42A3-9474-1A3956D46DE8}") = "2.0", "2.0", "{1B1D9A93-4C59-4230-A538-A1492AA1C720}"
EndProject
Project("{2150E333-8FDC-42A3-9474-1A3956D46DE8}") = "3.5", "3.5", "{6B094626-264F-47ED-B31A-028749DDE79C}"
EndProject
Project("{2150E333-8FDC-42A3-9474-1A3956D46DE8}") = "App", "App", "{3AAF394B-5C31-4E62-89BC-630C3EDF3C68}"
EndProject
Project("{2150E333-8FDC-42A3-9474-1A3956D46DE8}") = "UnitTests", "UnitTests", "{92EE7E44-EB19-43A2-AC39-CAB3132FA06A}"
EndProject
Project("{FAE04EC0-301F-11D3-BF4B-00C04F79EFBC}") = "rod.Commons.System.Extensions.Tests", "src\test\rod.Commons.System.Extensions.Tests\rod.Commons.System.Extensions.Tests.csproj", "{77989AEA-959E-41E6-B545-A18FE6FE75AD}"
EndProject
Project("{2150E333-8FDC-42A3-9474-1A3956D46DE8}") = "App", "App", "{73C0B76A-0323-4A36-875A-A0F1354AF874}"
EndProject
Project("{FAE04EC0-301F-11D3-BF4B-00C04F79EFBC}") = "rod.Commons.MonoRail", "src\app\rod.Commons.MonoRail\rod.Commons.MonoRail.csproj", "{7F29E808-3DDD-4EE7-B9CE-E6DFD0B563A8}"
EndProject
Project("{FAE04EC0-301F-11D3-BF4B-00C04F79EFBC}") = "rod.Commons.MonoRail.Tests", "src\test\rod.Commons.MonoRail.Tests\rod.Commons.MonoRail.Tests.csproj", "{ED557A32-FEF8-4E2B-BF11-9CD93CF44BB2}"
EndProject
Project("{2150E333-8FDC-42A3-9474-1A3956D46DE8}") = "Solution Items", "Solution Items", "{78AC0561-AA61-43EB-8805-8918A16EAAA0}"
	ProjectSection(SolutionItems) = preProject
		After.Microsoft.Common.Targets = After.Microsoft.Common.Targets
		After.Microsoft.Common.User.Targets = After.Microsoft.Common.User.Targets
		Before.Microsoft.Common.Targets = Before.Microsoft.Common.Targets
		Before.Microsoft.Common.User.Targets = Before.Microsoft.Common.User.Targets
		Common.Targets = Common.Targets
		Default.proj = Default.proj
		IterationNumber.txt = IterationNumber.txt
		tools\msbuild\rod.Commons\rod.Commons.Targets = tools\msbuild\rod.Commons\rod.Commons.Targets
		Settings.Targets = Settings.Targets
	EndProjectSection
EndProject
Project("{FAE04EC0-301F-11D3-BF4B-00C04F79EFBC}") = "rod.Commons.System.Web", "src\app\rod.Commons.System.Web\rod.Commons.System.Web.csproj", "{432BFE92-2B39-46FD-8BF3-59F79CA7F49A}"
EndProject
Global
	GlobalSection(SubversionScc) = preSolution
		Svn-Managed = True
		Manager = AnkhSVN - Subversion Support for Visual Studio
	EndGlobalSection
	GlobalSection(SolutionConfigurationPlatforms) = preSolution
		Debug|Any CPU = Debug|Any CPU
		Release|Any CPU = Release|Any CPU
	EndGlobalSection
	GlobalSection(ProjectConfigurationPlatforms) = postSolution
		{24F2D045-7814-4C57-BF9D-BEC4ECF4D881}.Debug|Any CPU.ActiveCfg = Debug|Any CPU
		{24F2D045-7814-4C57-BF9D-BEC4ECF4D881}.Debug|Any CPU.Build.0 = Debug|Any CPU
		{24F2D045-7814-4C57-BF9D-BEC4ECF4D881}.Release|Any CPU.ActiveCfg = Release|Any CPU
		{24F2D045-7814-4C57-BF9D-BEC4ECF4D881}.Release|Any CPU.Build.0 = Release|Any CPU
		{008AA833-BCA9-4F5E-AD4E-B585C53655EF}.Debug|Any CPU.ActiveCfg = Debug|Any CPU
		{008AA833-BCA9-4F5E-AD4E-B585C53655EF}.Debug|Any CPU.Build.0 = Debug|Any CPU
		{008AA833-BCA9-4F5E-AD4E-B585C53655EF}.Release|Any CPU.ActiveCfg = Release|Any CPU
		{008AA833-BCA9-4F5E-AD4E-B585C53655EF}.Release|Any CPU.Build.0 = Release|Any CPU
		{843C066F-54E8-41ED-A597-1DFCAC466831}.Debug|Any CPU.ActiveCfg = Debug|Any CPU
		{843C066F-54E8-41ED-A597-1DFCAC466831}.Debug|Any CPU.Build.0 = Debug|Any CPU
		{843C066F-54E8-41ED-A597-1DFCAC466831}.Release|Any CPU.ActiveCfg = Release|Any CPU
		{843C066F-54E8-41ED-A597-1DFCAC466831}.Release|Any CPU.Build.0 = Release|Any CPU
		{77989AEA-959E-41E6-B545-A18FE6FE75AD}.Debug|Any CPU.ActiveCfg = Debug|Any CPU
		{77989AEA-959E-41E6-B545-A18FE6FE75AD}.Debug|Any CPU.Build.0 = Debug|Any CPU
		{77989AEA-959E-41E6-B545-A18FE6FE75AD}.Release|Any CPU.ActiveCfg = Release|Any CPU
		{77989AEA-959E-41E6-B545-A18FE6FE75AD}.Release|Any CPU.Build.0 = Release|Any CPU
		{7F29E808-3DDD-4EE7-B9CE-E6DFD0B563A8}.Debug|Any CPU.ActiveCfg = Debug|Any CPU
		{7F29E808-3DDD-4EE7-B9CE-E6DFD0B563A8}.Debug|Any CPU.Build.0 = Debug|Any CPU
		{7F29E808-3DDD-4EE7-B9CE-E6DFD0B563A8}.Release|Any CPU.ActiveCfg = Release|Any CPU
		{7F29E808-3DDD-4EE7-B9CE-E6DFD0B563A8}.Release|Any CPU.Build.0 = Release|Any CPU
		{ED557A32-FEF8-4E2B-BF11-9CD93CF44BB2}.Debug|Any CPU.ActiveCfg = Debug|Any CPU
		{ED557A32-FEF8-4E2B-BF11-9CD93CF44BB2}.Debug|Any CPU.Build.0 = Debug|Any CPU
		{ED557A32-FEF8-4E2B-BF11-9CD93CF44BB2}.Release|Any CPU.ActiveCfg = Release|Any CPU
		{ED557A32-FEF8-4E2B-BF11-9CD93CF44BB2}.Release|Any CPU.Build.0 = Release|Any CPU
		{432BFE92-2B39-46FD-8BF3-59F79CA7F49A}.Debug|Any CPU.ActiveCfg = Debug|Any CPU
		{432BFE92-2B39-46FD-8BF3-59F79CA7F49A}.Debug|Any CPU.Build.0 = Debug|Any CPU
		{432BFE92-2B39-46FD-8BF3-59F79CA7F49A}.Release|Any CPU.ActiveCfg = Release|Any CPU
		{432BFE92-2B39-46FD-8BF3-59F79CA7F49A}.Release|Any CPU.Build.0 = Release|Any CPU
	EndGlobalSection
	GlobalSection(SolutionProperties) = preSolution
		HideSolutionNode = FALSE
	EndGlobalSection
	GlobalSection(NestedProjects) = preSolution
		{949B153C-AF2F-41AA-965B-1D6739FD73F2} = {1B1D9A93-4C59-4230-A538-A1492AA1C720}
		{73C0B76A-0323-4A36-875A-A0F1354AF874} = {1B1D9A93-4C59-4230-A538-A1492AA1C720}
		{008AA833-BCA9-4F5E-AD4E-B585C53655EF} = {949B153C-AF2F-41AA-965B-1D6739FD73F2}
		{ED557A32-FEF8-4E2B-BF11-9CD93CF44BB2} = {949B153C-AF2F-41AA-965B-1D6739FD73F2}
		{3AAF394B-5C31-4E62-89BC-630C3EDF3C68} = {6B094626-264F-47ED-B31A-028749DDE79C}
		{92EE7E44-EB19-43A2-AC39-CAB3132FA06A} = {6B094626-264F-47ED-B31A-028749DDE79C}
		{24F2D045-7814-4C57-BF9D-BEC4ECF4D881} = {73C0B76A-0323-4A36-875A-A0F1354AF874}
		{7F29E808-3DDD-4EE7-B9CE-E6DFD0B563A8} = {73C0B76A-0323-4A36-875A-A0F1354AF874}
		{432BFE92-2B39-46FD-8BF3-59F79CA7F49A} = {73C0B76A-0323-4A36-875A-A0F1354AF874}
		{843C066F-54E8-41ED-A597-1DFCAC466831} = {3AAF394B-5C31-4E62-89BC-630C3EDF3C68}
		{77989AEA-959E-41E6-B545-A18FE6FE75AD} = {92EE7E44-EB19-43A2-AC39-CAB3132FA06A}
	EndGlobalSection
EndGlobal
